{
  "requires": true,
  "lockfileVersion": 1,
  "dependencies": {
    "zingchart": {
      "version": "2.9.6",
      "resolved": "https://registry.npmjs.org/zingchart/-/zingchart-2.9.6.tgz",
      "integrity": "sha512-97TgyB8emw2Pv8p6SxGTpmzt8/RMhjmV4iRz4km8sCh47P/J8ppFgG9VYqV0CTkho1yv7h/crqKCYgV2SXGQgA=="
    }
  }
}
